// !$*UTF8*$!
{
	archiveVersion = 1;
	classes = {
	};
	objectVersion = 46;
	objects = {

/* Begin PBXBuildFile section */
		8E1CB77D19BFD25F00F374C0 /* Foundation.framework in Frameworks */ = {isa = PBXBuildFile; fileRef = 8E1CB77C19BFD25F00F374C0 /* Foundation.framework */; };
		8E1CB77F19BFD25F00F374C0 /* CoreGraphics.framework in Frameworks */ = {isa = PBXBuildFile; fileRef = 8E1CB77E19BFD25F00F374C0 /* CoreGraphics.framework */; };
		8E1CB78119BFD25F00F374C0 /* UIKit.framework in Frameworks */ = {isa = PBXBuildFile; fileRef = 8E1CB78019BFD25F00F374C0 /* UIKit.framework */; };
		8E1CB78719BFD25F00F374C0 /* InfoPlist.strings in Resources */ = {isa = PBXBuildFile; fileRef = 8E1CB78519BFD25F00F374C0 /* InfoPlist.strings */; };
		8E1CB78919BFD25F00F374C0 /* main.m in Sources */ = {isa = PBXBuildFile; fileRef = 8E1CB78819BFD25F00F374C0 /* main.m */; };
		8E1CB78D19BFD25F00F374C0 /* AppDelegate.m in Sources */ = {isa = PBXBuildFile; fileRef = 8E1CB78C19BFD25F00F374C0 /* AppDelegate.m */; };
		8E1CB79619BFD25F00F374C0 /* MainViewController.m in Sources */ = {isa = PBXBuildFile; fileRef = 8E1CB79519BFD25F00F374C0 /* MainViewController.m */; };
		8E1CB79819BFD25F00F374C0 /* Images.xcassets in Resources */ = {isa = PBXBuildFile; fileRef = 8E1CB79719BFD25F00F374C0 /* Images.xcassets */; };
		8E1CB79F19BFD25F00F374C0 /* XCTest.framework in Frameworks */ = {isa = PBXBuildFile; fileRef = 8E1CB79E19BFD25F00F374C0 /* XCTest.framework */; };
		8E1CB7A019BFD25F00F374C0 /* Foundation.framework in Frameworks */ = {isa = PBXBuildFile; fileRef = 8E1CB77C19BFD25F00F374C0 /* Foundation.framework */; };
		8E1CB7A119BFD25F00F374C0 /* UIKit.framework in Frameworks */ = {isa = PBXBuildFile; fileRef = 8E1CB78019BFD25F00F374C0 /* UIKit.framework */; };
		8E1CB7A919BFD25F00F374C0 /* InfoPlist.strings in Resources */ = {isa = PBXBuildFile; fileRef = 8E1CB7A719BFD25F00F374C0 /* InfoPlist.strings */; };
		8E1CB7AB19BFD25F00F374C0 /* GKTextOverlayTests.m in Sources */ = {isa = PBXBuildFile; fileRef = 8E1CB7AA19BFD25F00F374C0 /* GKTextOverlayTests.m */; };
		8E1CB7B519BFD3D300F374C0 /* MainViewController.xib in Resources */ = {isa = PBXBuildFile; fileRef = 8E1CB7B419BFD3D300F374C0 /* MainViewController.xib */; };
		8E1CB7B819BFD72B00F374C0 /* GKTextOverlay.m in Sources */ = {isa = PBXBuildFile; fileRef = 8E1CB7B719BFD72B00F374C0 /* GKTextOverlay.m */; };
		8E1CB7BB19BFF6CC00F374C0 /* FlatPillButton.m in Sources */ = {isa = PBXBuildFile; fileRef = 8E1CB7BA19BFF6CC00F374C0 /* FlatPillButton.m */; };
/* End PBXBuildFile section */

/* Begin PBXContainerItemProxy section */
		8E1CB7A219BFD25F00F374C0 /* PBXContainerItemProxy */ = {
			isa = PBXContainerItemProxy;
			containerPortal = 8E1CB77119BFD25F00F374C0 /* Project object */;
			proxyType = 1;
			remoteGlobalIDString = 8E1CB77819BFD25F00F374C0;
			remoteInfo = GKTextOverlay;
		};
/* End PBXContainerItemProxy section */

/* Begin PBXFileReference section */
		8E1CB77919BFD25F00F374C0 /* GKTextOverlay.app */ = {isa = PBXFileReference; explicitFileType = wrapper.application; includeInIndex = 0; path = GKTextOverlay.app; sourceTree = BUILT_PRODUCTS_DIR; };
		8E1CB77C19BFD25F00F374C0 /* Foundation.framework */ = {isa = PBXFileReference; lastKnownFileType = wrapper.framework; name = Foundation.framework; path = System/Library/Frameworks/Foundation.framework; sourceTree = SDKROOT; };
		8E1CB77E19BFD25F00F374C0 /* CoreGraphics.framework */ = {isa = PBXFileReference; lastKnownFileType = wrapper.framework; name = CoreGraphics.framework; path = System/Library/Frameworks/CoreGraphics.framework; sourceTree = SDKROOT; };
		8E1CB78019BFD25F00F374C0 /* UIKit.framework */ = {isa = PBXFileReference; lastKnownFileType = wrapper.framework; name = UIKit.framework; path = System/Library/Frameworks/UIKit.framework; sourceTree = SDKROOT; };
		8E1CB78419BFD25F00F374C0 /* GKTextOverlay-Info.plist */ = {isa = PBXFileReference; lastKnownFileType = text.plist.xml; path = "GKTextOverlay-Info.plist"; sourceTree = "<group>"; };
		8E1CB78619BFD25F00F374C0 /* en */ = {isa = PBXFileReference; lastKnownFileType = text.plist.strings; name = en; path = en.lproj/InfoPlist.strings; sourceTree = "<group>"; };
		8E1CB78819BFD25F00F374C0 /* main.m */ = {isa = PBXFileReference; lastKnownFileType = sourcecode.c.objc; path = main.m; sourceTree = "<group>"; };
		8E1CB78A19BFD25F00F374C0 /* GKTextOverlay-Prefix.pch */ = {isa = PBXFileReference; lastKnownFileType = sourcecode.c.h; path = "GKTextOverlay-Prefix.pch"; sourceTree = "<group>"; };
		8E1CB78B19BFD25F00F374C0 /* AppDelegate.h */ = {isa = PBXFileReference; lastKnownFileType = sourcecode.c.h; path = AppDelegate.h; sourceTree = "<group>"; };
		8E1CB78C19BFD25F00F374C0 /* AppDelegate.m */ = {isa = PBXFileReference; lastKnownFileType = sourcecode.c.objc; path = AppDelegate.m; sourceTree = "<group>"; };
		8E1CB79419BFD25F00F374C0 /* MainViewController.h */ = {isa = PBXFileReference; lastKnownFileType = sourcecode.c.h; path = MainViewController.h; sourceTree = "<group>"; };
		8E1CB79519BFD25F00F374C0 /* MainViewController.m */ = {isa = PBXFileReference; lastKnownFileType = sourcecode.c.objc; path = MainViewController.m; sourceTree = "<group>"; };
		8E1CB79719BFD25F00F374C0 /* Images.xcassets */ = {isa = PBXFileReference; lastKnownFileType = folder.assetcatalog; path = Images.xcassets; sourceTree = "<group>"; };
		8E1CB79D19BFD25F00F374C0 /* GKTextOverlayTests.xctest */ = {isa = PBXFileReference; explicitFileType = wrapper.cfbundle; includeInIndex = 0; path = GKTextOverlayTests.xctest; sourceTree = BUILT_PRODUCTS_DIR; };
		8E1CB79E19BFD25F00F374C0 /* XCTest.framework */ = {isa = PBXFileReference; lastKnownFileType = wrapper.framework; name = XCTest.framework; path = Library/Frameworks/XCTest.framework; sourceTree = DEVELOPER_DIR; };
		8E1CB7A619BFD25F00F374C0 /* GKTextOverlayTests-Info.plist */ = {isa = PBXFileReference; lastKnownFileType = text.plist.xml; path = "GKTextOverlayTests-Info.plist"; sourceTree = "<group>"; };
		8E1CB7A819BFD25F00F374C0 /* en */ = {isa = PBXFileReference; lastKnownFileType = text.plist.strings; name = en; path = en.lproj/InfoPlist.strings; sourceTree = "<group>"; };
		8E1CB7AA19BFD25F00F374C0 /* GKTextOverlayTests.m */ = {isa = PBXFileReference; lastKnownFileType = sourcecode.c.objc; path = GKTextOverlayTests.m; sourceTree = "<group>"; };
		8E1CB7B419BFD3D300F374C0 /* MainViewController.xib */ = {isa = PBXFileReference; fileEncoding = 4; lastKnownFileType = file.xib; path = MainViewController.xib; sourceTree = "<group>"; };
		8E1CB7B619BFD72B00F374C0 /* GKTextOverlay.h */ = {isa = PBXFileReference; fileEncoding = 4; lastKnownFileType = sourcecode.c.h; path = GKTextOverlay.h; sourceTree = "<group>"; };
		8E1CB7B719BFD72B00F374C0 /* GKTextOverlay.m */ = {isa = PBXFileReference; fileEncoding = 4; lastKnownFileType = sourcecode.c.objc; path = GKTextOverlay.m; sourceTree = "<group>"; };
		8E1CB7B919BFF6CC00F374C0 /* FlatPillButton.h */ = {isa = PBXFileReference; fileEncoding = 4; lastKnownFileType = sourcecode.c.h; path = FlatPillButton.h; sourceTree = "<group>"; };
		8E1CB7BA19BFF6CC00F374C0 /* FlatPillButton.m */ = {isa = PBXFileReference; fileEncoding = 4; lastKnownFileType = sourcecode.c.objc; path = FlatPillButton.m; sourceTree = "<group>"; };
/* End PBXFileReference section */

/* Begin PBXFrameworksBuildPhase section */
		8E1CB77619BFD25F00F374C0 /* Frameworks */ = {
			isa = PBXFrameworksBuildPhase;
			buildActionMask = 2147483647;
			files = (
				8E1CB77F19BFD25F00F374C0 /* CoreGraphics.framework in Frameworks */,
				8E1CB78119BFD25F00F374C0 /* UIKit.framework in Frameworks */,
				8E1CB77D19BFD25F00F374C0 /* Foundation.framework in Frameworks */,
			);
			runOnlyForDeploymentPostprocessing = 0;
		};
		8E1CB79A19BFD25F00F374C0 /* Frameworks */ = {
			isa = PBXFrameworksBuildPhase;
			buildActionMask = 2147483647;
			files = (
				8E1CB79F19BFD25F00F374C0 /* XCTest.framework in Frameworks */,
				8E1CB7A119BFD25F00F374C0 /* UIKit.framework in Frameworks */,
				8E1CB7A019BFD25F00F374C0 /* Foundation.framework in Frameworks */,
			);
			runOnlyForDeploymentPostprocessing = 0;
		};
/* End PBXFrameworksBuildPhase section */

/* Begin PBXGroup section */
		8E1CB77019BFD25F00F374C0 = {
			isa = PBXGroup;
			children = (
				8E1CB78219BFD25F00F374C0 /* GKTextOverlay */,
				8E1CB7A419BFD25F00F374C0 /* GKTextOverlayTests */,
				8E1CB77B19BFD25F00F374C0 /* Frameworks */,
				8E1CB77A19BFD25F00F374C0 /* Products */,
			);
			sourceTree = "<group>";
		};
		8E1CB77A19BFD25F00F374C0 /* Products */ = {
			isa = PBXGroup;
			children = (
				8E1CB77919BFD25F00F374C0 /* GKTextOverlay.app */,
				8E1CB79D19BFD25F00F374C0 /* GKTextOverlayTests.xctest */,
			);
			name = Products;
			sourceTree = "<group>";
		};
		8E1CB77B19BFD25F00F374C0 /* Frameworks */ = {
			isa = PBXGroup;
			children = (
				8E1CB77C19BFD25F00F374C0 /* Foundation.framework */,
				8E1CB77E19BFD25F00F374C0 /* CoreGraphics.framework */,
				8E1CB78019BFD25F00F374C0 /* UIKit.framework */,
				8E1CB79E19BFD25F00F374C0 /* XCTest.framework */,
			);
			name = Frameworks;
			sourceTree = "<group>";
		};
		8E1CB78219BFD25F00F374C0 /* GKTextOverlay */ = {
			isa = PBXGroup;
			children = (
				8E1CB7B919BFF6CC00F374C0 /* FlatPillButton.h */,
				8E1CB7BA19BFF6CC00F374C0 /* FlatPillButton.m */,
				8E1CB78B19BFD25F00F374C0 /* AppDelegate.h */,
				8E1CB78C19BFD25F00F374C0 /* AppDelegate.m */,
				8E1CB79419BFD25F00F374C0 /* MainViewController.h */,
				8E1CB79519BFD25F00F374C0 /* MainViewController.m */,
				8E1CB7B619BFD72B00F374C0 /* GKTextOverlay.h */,
				8E1CB7B719BFD72B00F374C0 /* GKTextOverlay.m */,
				8E1CB7B419BFD3D300F374C0 /* MainViewController.xib */,
				8E1CB79719BFD25F00F374C0 /* Images.xcassets */,
				8E1CB78319BFD25F00F374C0 /* Supporting Files */,
			);
			path = GKTextOverlay;
			sourceTree = "<group>";
		};
		8E1CB78319BFD25F00F374C0 /* Supporting Files */ = {
			isa = PBXGroup;
			children = (
				8E1CB78419BFD25F00F374C0 /* GKTextOverlay-Info.plist */,
				8E1CB78519BFD25F00F374C0 /* InfoPlist.strings */,
				8E1CB78819BFD25F00F374C0 /* main.m */,
				8E1CB78A19BFD25F00F374C0 /* GKTextOverlay-Prefix.pch */,
			);
			name = "Supporting Files";
			sourceTree = "<group>";
		};
		8E1CB7A419BFD25F00F374C0 /* GKTextOverlayTests */ = {
			isa = PBXGroup;
			children = (
				8E1CB7AA19BFD25F00F374C0 /* GKTextOverlayTests.m */,
				8E1CB7A519BFD25F00F374C0 /* Supporting Files */,
			);
			path = GKTextOverlayTests;
			sourceTree = "<group>";
		};
		8E1CB7A519BFD25F00F374C0 /* Supporting Files */ = {
			isa = PBXGroup;
			children = (
				8E1CB7A619BFD25F00F374C0 /* GKTextOverlayTests-Info.plist */,
				8E1CB7A719BFD25F00F374C0 /* InfoPlist.strings */,
			);
			name = "Supporting Files";
			sourceTree = "<group>";
		};
/* End PBXGroup section */

/* Begin PBXNativeTarget section */
		8E1CB77819BFD25F00F374C0 /* GKTextOverlay */ = {
			isa = PBXNativeTarget;
			buildConfigurationList = 8E1CB7AE19BFD25F00F374C0 /* Build configuration list for PBXNativeTarget "GKTextOverlay" */;
			buildPhases = (
				8E1CB77519BFD25F00F374C0 /* Sources */,
				8E1CB77619BFD25F00F374C0 /* Frameworks */,
				8E1CB77719BFD25F00F374C0 /* Resources */,
			);
			buildRules = (
			);
			dependencies = (
			);
			name = GKTextOverlay;
			productName = GKTextOverlay;
			productReference = 8E1CB77919BFD25F00F374C0 /* GKTextOverlay.app */;
			productType = "com.apple.product-type.application";
		};
		8E1CB79C19BFD25F00F374C0 /* GKTextOverlayTests */ = {
			isa = PBXNativeTarget;
			buildConfigurationList = 8E1CB7B119BFD25F00F374C0 /* Build configuration list for PBXNativeTarget "GKTextOverlayTests" */;
			buildPhases = (
				8E1CB79919BFD25F00F374C0 /* Sources */,
				8E1CB79A19BFD25F00F374C0 /* Frameworks */,
				8E1CB79B19BFD25F00F374C0 /* Resources */,
			);
			buildRules = (
			);
			dependencies = (
				8E1CB7A319BFD25F00F374C0 /* PBXTargetDependency */,
			);
			name = GKTextOverlayTests;
			productName = GKTextOverlayTests;
			productReference = 8E1CB79D19BFD25F00F374C0 /* GKTextOverlayTests.xctest */;
			productType = "com.apple.product-type.bundle.unit-test";
		};
/* End PBXNativeTarget section */

/* Begin PBXProject section */
		8E1CB77119BFD25F00F374C0 /* Project object */ = {
			isa = PBXProject;
			attributes = {
				LastUpgradeCheck = 0500;
				ORGANIZATIONNAME = HardFlip;
				TargetAttributes = {
					8E1CB79C19BFD25F00F374C0 = {
						TestTargetID = 8E1CB77819BFD25F00F374C0;
					};
				};
			};
			buildConfigurationList = 8E1CB77419BFD25F00F374C0 /* Build configuration list for PBXProject "GKTextOverlay" */;
			compatibilityVersion = "Xcode 3.2";
			developmentRegion = English;
			hasScannedForEncodings = 0;
			knownRegions = (
				en,
				Base,
			);
			mainGroup = 8E1CB77019BFD25F00F374C0;
			productRefGroup = 8E1CB77A19BFD25F00F374C0 /* Products */;
			projectDirPath = "";
			projectRoot = "";
			targets = (
				8E1CB77819BFD25F00F374C0 /* GKTextOverlay */,
				8E1CB79C19BFD25F00F374C0 /* GKTextOverlayTests */,
			);
		};
/* End PBXProject section */

/* Begin PBXResourcesBuildPhase section */
		8E1CB77719BFD25F00F374C0 /* Resources */ = {
			isa = PBXResourcesBuildPhase;
			buildActionMask = 2147483647;
			files = (
				8E1CB79819BFD25F00F374C0 /* Images.xcassets in Resources */,
				8E1CB7B519BFD3D300F374C0 /* MainViewController.xib in Resources */,
				8E1CB78719BFD25F00F374C0 /* InfoPlist.strings in Resources */,
			);
			runOnlyForDeploymentPostprocessing = 0;
		};
		8E1CB79B19BFD25F00F374C0 /* Resources */ = {
			isa = PBXResourcesBuildPhase;
			buildActionMask = 2147483647;
			files = (
				8E1CB7A919BFD25F00F374C0 /* InfoPlist.strings in Resources */,
			);
			runOnlyForDeploymentPostprocessing = 0;
		};
/* End PBXResourcesBuildPhase section */

/* Begin PBXSourcesBuildPhase section */
		8E1CB77519BFD25F00F374C0 /* Sources */ = {
			isa = PBXSourcesBuildPhase;
			buildActionMask = 2147483647;
			files = (
				8E1CB79619BFD25F00F374C0 /* MainViewController.m in Sources */,
				8E1CB78D19BFD25F00F374C0 /* AppDelegate.m in Sources */,
				8E1CB7BB19BFF6CC00F374C0 /* FlatPillButton.m in Sources */,
				8E1CB78919BFD25F00F374C0 /* main.m in Sources */,
				8E1CB7B819BFD72B00F374C0 /* GKTextOverlay.m in Sources */,
			);
			runOnlyForDeploymentPostprocessing = 0;
		};
		8E1CB79919BFD25F00F374C0 /* Sources */ = {
			isa = PBXSourcesBuildPhase;
			buildActionMask = 2147483647;
			files = (
				8E1CB7AB19BFD25F00F374C0 /* GKTextOverlayTests.m in Sources */,
			);
			runOnlyForDeploymentPostprocessing = 0;
		};
/* End PBXSourcesBuildPhase section */

/* Begin PBXTargetDependency section */
		8E1CB7A319BFD25F00F374C0 /* PBXTargetDependency */ = {
			isa = PBXTargetDependency;
			target = 8E1CB77819BFD25F00F374C0 /* GKTextOverlay */;
			targetProxy = 8E1CB7A219BFD25F00F374C0 /* PBXContainerItemProxy */;
		};
/* End PBXTargetDependency section */

/* Begin PBXVariantGroup section */
		8E1CB78519BFD25F00F374C0 /* InfoPlist.strings */ = {
			isa = PBXVariantGroup;
			children = (
				8E1CB78619BFD25F00F374C0 /* en */,
			);
			name = InfoPlist.strings;
			sourceTree = "<group>";
		};
		8E1CB7A719BFD25F00F374C0 /* InfoPlist.strings */ = {
			isa = PBXVariantGroup;
			children = (
				8E1CB7A819BFD25F00F374C0 /* en */,
			);
			name = InfoPlist.strings;
			sourceTree = "<group>";
		};
/* End PBXVariantGroup section */

/* Begin XCBuildConfiguration section */
		8E1CB7AC19BFD25F00F374C0 /* Debug */ = {
			isa = XCBuildConfiguration;
			buildSettings = {
				ALWAYS_SEARCH_USER_PATHS = NO;
				ARCHS = "$(ARCHS_STANDARD_INCLUDING_64_BIT)";
				CLANG_CXX_LANGUAGE_STANDARD = "gnu++0x";
				CLANG_CXX_LIBRARY = "libc++";
				CLANG_ENABLE_MODULES = YES;
				CLANG_ENABLE_OBJC_ARC = YES;
				CLANG_WARN_BOOL_CONVERSION = YES;
				CLANG_WARN_CONSTANT_CONVERSION = YES;
				CLANG_WARN_DIRECT_OBJC_ISA_USAGE = YES_ERROR;
				CLANG_WARN_EMPTY_BODY = YES;
				CLANG_WARN_ENUM_CONVERSION = YES;
				CLANG_WARN_INT_CONVERSION = YES;
				CLANG_WARN_OBJC_ROOT_CLASS = YES_ERROR;
				CLANG_WARN__DUPLICATE_METHOD_MATCH = YES;
				"CODE_SIGN_IDENTITY[sdk=iphoneos*]" = "iPhone Developer";
				COPY_PHASE_STRIP = NO;
				GCC_C_LANGUAGE_STANDARD = gnu99;
				GCC_DYNAMIC_NO_PIC = NO;
				GCC_OPTIMIZATION_LEVEL = 0;
				GCC_PREPROCESSOR_DEFINITIONS = (
					"DEBUG=1",
					"$(inherited)",
				);
				GCC_SYMBOLS_PRIVATE_EXTERN = NO;
				GCC_WARN_64_TO_32_BIT_CONVERSION = YES;
				GCC_WARN_ABOUT_RETURN_TYPE = YES_ERROR;
				GCC_WARN_UNDECLARED_SELECTOR = YES;
				GCC_WARN_UNINITIALIZED_AUTOS = YES;
				GCC_WARN_UNUSED_FUNCTION = YES;
				GCC_WARN_UNUSED_VARIABLE = YES;
				IPHONEOS_DEPLOYMENT_TARGET = 7.0;
				ONLY_ACTIVE_ARCH = YES;
				SDKROOT = iphoneos;
				TARGETED_DEVICE_FAMILY = "1,2";
			};
			name = Debug;
		};
		8E1CB7AD19BFD25F00F374C0 /* Release */ = {
			isa = XCBuildConfiguration;
			buildSettings = {
				ALWAYS_SEARCH_USER_PATHS = NO;
				ARCHS = "$(ARCHS_STANDARD_INCLUDING_64_BIT)";
				CLANG_CXX_LANGUAGE_STANDARD = "gnu++0x";
				CLANG_CXX_LIBRARY = "libc++";
				CLANG_ENABLE_MODULES = YES;
				CLANG_ENABLE_OBJC_ARC = YES;
				CLANG_WARN_BOOL_CONVERSION = YES;
				CLANG_WARN_CONSTANT_CONVERSION = YES;
				CLANG_WARN_DIRECT_OBJC_ISA_USAGE = YES_ERROR;
				CLANG_WARN_EMPTY_BODY = YES;
				CLANG_WARN_ENUM_CONVERSION = YES;
				CLANG_WARN_INT_CONVERSION = YES;
				CLANG_WARN_OBJC_ROOT_CLASS = YES_ERROR;
				CLANG_WARN__DUPLICATE_METHOD_MATCH = YES;
				"CODE_SIGN_IDENTITY[sdk=iphoneos*]" = "iPhone Developer";
				COPY_PHASE_STRIP = YES;
				ENABLE_NS_ASSERTIONS = NO;
				GCC_C_LANGUAGE_STANDARD = gnu99;
				GCC_WARN_64_TO_32_BIT_CONVERSION = YES;
				GCC_WARN_ABOUT_RETURN_TYPE = YES_ERROR;
				GCC_WARN_UNDECLARED_SELECTOR = YES;
				GCC_WARN_UNINITIALIZED_AUTOS = YES;
				GCC_WARN_UNUSED_FUNCTION = YES;
				GCC_WARN_UNUSED_VARIABLE = YES;
				IPHONEOS_DEPLOYMENT_TARGET = 7.0;
				SDKROOT = iphoneos;
				TARGETED_DEVICE_FAMILY = "1,2";
				VALIDATE_PRODUCT = YES;
			};
			name = Release;
		};
		8E1CB7AF19BFD25F00F374C0 /* Debug */ = {
			isa = XCBuildConfiguration;
			buildSettings = {
				ASSETCATALOG_COMPILER_APPICON_NAME = AppIcon;
				ASSETCATALOG_COMPILER_LAUNCHIMAGE_NAME = LaunchImage;
				GCC_PRECOMPILE_PREFIX_HEADER = YES;
				GCC_PREFIX_HEADER = "GKTextOverlay/GKTextOverlay-Prefix.pch";
				INFOPLIST_FILE = "GKTextOverlay/GKTextOverlay-Info.plist";
				PRODUCT_NAME = "$(TARGET_NAME)";
				WRAPPER_EXTENSION = app;
			};
			name = Debug;
		};
		8E1CB7B019BFD25F00F374C0 /* Release */ = {
			isa = XCBuildConfiguration;
			buildSettings = {
				ASSETCATALOG_COMPILER_APPICON_NAME = AppIcon;
				ASSETCATALOG_COMPILER_LAUNCHIMAGE_NAME = LaunchImage;
				GCC_PRECOMPILE_PREFIX_HEADER = YES;
				GCC_PREFIX_HEADER = "GKTextOverlay/GKTextOverlay-Prefix.pch";
				INFOPLIST_FILE = "GKTextOverlay/GKTextOverlay-Info.plist";
				PRODUCT_NAME = "$(TARGET_NAME)";
				WRAPPER_EXTENSION = app;
			};
			name = Release;
		};
		8E1CB7B219BFD25F00F374C0 /* Debug */ = {
			isa = XCBuildConfiguration;
			buildSettings = {
				ARCHS = "$(ARCHS_STANDARD_INCLUDING_64_BIT)";
				BUNDLE_LOADER = "$(BUILT_PRODUCTS_DIR)/GKTextOverlay.app/GKTextOverlay";
				FRAMEWORK_SEARCH_PATHS = (
					"$(SDKROOT)/Developer/Library/Frameworks",
					"$(inherited)",
					"$(DEVELOPER_FRAMEWORKS_DIR)",
				);
				GCC_PRECOMPILE_PREFIX_HEADER = YES;
				GCC_PREFIX_HEADER = "GKTextOverlay/GKTextOverlay-Prefix.pch";
				GCC_PREPROCESSOR_DEFINITIONS = (
					"DEBUG=1",
					"$(inherited)",
				);
				INFOPLIST_FILE = "GKTextOverlayTests/GKTextOverlayTests-Info.plist";
				PRODUCT_NAME = "$(TARGET_NAME)";
				TEST_HOST = "$(BUNDLE_LOADER)";
				WRAPPER_EXTENSION = xctest;
			};
			name = Debug;
		};
		8E1CB7B319BFD25F00F374C0 /* Release */ = {
			isa = XCBuildConfiguration;
			buildSettings = {
				ARCHS = "$(ARCHS_STANDARD_INCLUDING_64_BIT)";
				BUNDLE_LOADER = "$(BUILT_PRODUCTS_DIR)/GKTextOverlay.app/GKTextOverlay";
				FRAMEWORK_SEARCH_PATHS = (
					"$(SDKROOT)/Developer/Library/Frameworks",
					"$(inherited)",
					"$(DEVELOPER_FRAMEWORKS_DIR)",
				);
				GCC_PRECOMPILE_PREFIX_HEADER = YES;
				GCC_PREFIX_HEADER = "GKTextOverlay/GKTextOverlay-Prefix.pch";
				INFOPLIST_FILE = "GKTextOverlayTests/GKTextOverlayTests-Info.plist";
				PRODUCT_NAME = "$(TARGET_NAME)";
				TEST_HOST = "$(BUNDLE_LOADER)";
				WRAPPER_EXTENSION = xctest;
			};
			name = Release;
		};
/* End XCBuildConfiguration section */

/* Begin XCConfigurationList section */
		8E1CB77419BFD25F00F374C0 /* Build configuration list for PBXProject "GKTextOverlay" */ = {
			isa = XCConfigurationList;
			buildConfigurations = (
				8E1CB7AC19BFD25F00F374C0 /* Debug */,
				8E1CB7AD19BFD25F00F374C0 /* Release */,
			);
			defaultConfigurationIsVisible = 0;
			defaultConfigurationName = Release;
		};
		8E1CB7AE19BFD25F00F374C0 /* Build configuration list for PBXNativeTarget "GKTextOverlay" */ = {
			isa = XCConfigurationList;
			buildConfigurations = (
				8E1CB7AF19BFD25F00F374C0 /* Debug */,
				8E1CB7B019BFD25F00F374C0 /* Release */,
			);
			defaultConfigurationIsVisible = 0;
		};
		8E1CB7B119BFD25F00F374C0 /* Build configuration list for PBXNativeTarget "GKTextOverlayTests" */ = {
			isa = XCConfigurationList;
			buildConfigurations = (
				8E1CB7B219BFD25F00F374C0 /* Debug */,
				8E1CB7B319BFD25F00F374C0 /* Release */,
			);
			defaultConfigurationIsVisible = 0;
		};
/* End XCConfigurationList section */
	};
	rootObject = 8E1CB77119BFD25F00F374C0 /* Project object */;
}
